{
  "name": "nxt-member-order-apply-paid",
  "version": "1.0.0",
  "lockfileVersion": 3,
  "requires": true,
  "packages": {
    "": {
      "name": "nxt-member-order-apply-paid",
      "version": "1.0.0",
      "dependencies": {
        "nxt-member-coupon": "file:../nxt-member-coupon",
        "nxt-membership-promotion-config": "file:../nxt-membership-promotion-config"
      }
    },
    "../nxt-member-coupon": {
      "version": "1.0.0"
    },
    "../nxt-membership-promotion-config": {
      "version": "1.0.0"
    },
    "node_modules/nxt-member-coupon": {
      "resolved": "../nxt-member-coupon",
      "link": true
    },
    "node_modules/nxt-membership-promotion-config": {
      "resolved": "../nxt-membership-promotion-config",
      "link": true
    }
  }
}
