{
  "name": "getChannelReconcileSummary",
  "version": "1.0.0",
  "lockfileVersion": 3,
  "requires": true,
  "packages": {
    "": {
      "name": "getChannelReconcileSummary",
      "version": "1.0.0",
      "dependencies": {
        "nxt-auth": "file:../common/nxt-auth",
        "nxt-commission-month": "file:../common/nxt-commission-month"
      }
    },
    "../common/nxt-auth": {
      "version": "1.1.0",
      "dependencies": {
        "jsonwebtoken": "^9.0.2",
        "uni-config-center": "file:../uni-config-center"
      }
    },
    "../common/nxt-commission-month": {
      "version": "1.0.0"
    },
    "node_modules/nxt-auth": {
      "resolved": "../common/nxt-auth",
      "link": true
    },
    "node_modules/nxt-commission-month": {
      "resolved": "../common/nxt-commission-month",
      "link": true
    }
  }
}
