{
  "name": "promotionWxpayNotify",
  "lockfileVersion": 3,
  "requires": true,
  "packages": {
    "": {
      "name": "promotionWxpayNotify",
      "dependencies": {
        "nxt-auth": "file:../common/nxt-auth"
      }
    },
    "../common/nxt-auth": {
      "version": "1.1.0",
      "dependencies": {
        "jsonwebtoken": "^9.0.2",
        "uni-config-center": "file:../uni-config-center"
      }
    },
    "node_modules/nxt-auth": {
      "resolved": "../common/nxt-auth",
      "link": true
    }
  }
}
