{
  "name": "createPromotionWxPayParams",
  "lockfileVersion": 3,
  "requires": true,
  "packages": {
    "": {
      "name": "createPromotionWxPayParams",
      "dependencies": {
        "nxt-auth": "file:../common/nxt-auth",
        "uni-config-center": "file:../common/uni-config-center"
      }
    },
    "../common/nxt-auth": {
      "version": "1.1.0",
      "dependencies": {
        "jsonwebtoken": "^9.0.2",
        "uni-config-center": "file:../uni-config-center"
      }
    },
    "../common/uni-config-center": {
      "version": "0.0.3",
      "license": "Apache-2.0"
    },
    "node_modules/nxt-auth": {
      "resolved": "../common/nxt-auth",
      "link": true
    },
    "node_modules/uni-config-center": {
      "resolved": "../common/uni-config-center",
      "link": true
    }
  }
}
