{
  "name": "applyMemberOrderPaidResult",
  "lockfileVersion": 3,
  "requires": true,
  "packages": {
    "": {
      "name": "applyMemberOrderPaidResult",
      "dependencies": {
        "nxt-auth": "file:../common/nxt-auth",
        "nxt-member-coupon": "file:../common/nxt-member-coupon",
        "nxt-member-order-apply-paid": "file:../common/nxt-member-order-apply-paid"
      }
    },
    "../common/nxt-auth": {
      "version": "1.1.0",
      "dependencies": {
        "jsonwebtoken": "^9.0.2",
        "uni-config-center": "file:../uni-config-center"
      }
    },
    "../common/nxt-member-coupon": {
      "version": "1.0.0"
    },
    "../common/nxt-member-order-apply-paid": {
      "version": "1.0.0",
      "dependencies": {
        "nxt-member-coupon": "file:../nxt-member-coupon"
      }
    },
    "node_modules/nxt-auth": {
      "resolved": "../common/nxt-auth",
      "link": true
    },
    "node_modules/nxt-member-coupon": {
      "resolved": "../common/nxt-member-coupon",
      "link": true
    },
    "node_modules/nxt-member-order-apply-paid": {
      "resolved": "../common/nxt-member-order-apply-paid",
      "link": true
    }
  }
}
